// !$*UTF8*$!
{
	archiveVersion = 1;
	classes = {
	};
	objectVersion = 51;
	objects = {

/* Begin PBXBuildFile section */
		5A55BC16CFAE616C54F5F124 /* Pods_GSEF.framework in Frameworks */ = {isa = PBXBuildFile; fileRef = 38F040E4F4184D802CB580C9 /* Pods_GSEF.framework */; };
		825352FE24E1A0F1002B4565 /* QuizCenterVC.swift in Sources */ = {isa = PBXBuildFile; fileRef = 825352FD24E1A0F1002B4565 /* QuizCenterVC.swift */; };
		8253530024E1BA03002B4565 /* QuizCategoryVC.swift in Sources */ = {isa = PBXBuildFile; fileRef = 825352FF24E1BA03002B4565 /* QuizCategoryVC.swift */; };
		8272B16F24E42377009B1422 /* MultipleChoiceVC.swift in Sources */ = {isa = PBXBuildFile; fileRef = 8272B16E24E42377009B1422 /* MultipleChoiceVC.swift */; };
		82A318AB24E03DD6006BE727 /* AppDelegate.swift in Sources */ = {isa = PBXBuildFile; fileRef = 82A318AA24E03DD6006BE727 /* AppDelegate.swift */; };
		82A318AD24E03DD6006BE727 /* SceneDelegate.swift in Sources */ = {isa = PBXBuildFile; fileRef = 82A318AC24E03DD6006BE727 /* SceneDelegate.swift */; };
		82A318AF24E03DD6006BE727 /* JournalHomeVC.swift in Sources */ = {isa = PBXBuildFile; fileRef = 82A318AE24E03DD6006BE727 /* JournalHomeVC.swift */; };
		82A318B224E03DD6006BE727 /* Main.storyboard in Resources */ = {isa = PBXBuildFile; fileRef = 82A318B024E03DD6006BE727 /* Main.storyboard */; };
		82A318B424E03DD7006BE727 /* Assets.xcassets in Resources */ = {isa = PBXBuildFile; fileRef = 82A318B324E03DD7006BE727 /* Assets.xcassets */; };
		82A318B724E03DD7006BE727 /* LaunchScreen.storyboard in Resources */ = {isa = PBXBuildFile; fileRef = 82A318B524E03DD7006BE727 /* LaunchScreen.storyboard */; };
		82A318BF24E043CE006BE727 /* Global.swift in Sources */ = {isa = PBXBuildFile; fileRef = 82A318BE24E043CE006BE727 /* Global.swift */; };
		82A318C124E044EF006BE727 /* GoogleService-Info.plist in Resources */ = {isa = PBXBuildFile; fileRef = 82A318C024E044EF006BE727 /* GoogleService-Info.plist */; };
		82A318C324E05F6B006BE727 /* ArticlesVC.swift in Sources */ = {isa = PBXBuildFile; fileRef = 82A318C224E05F6B006BE727 /* ArticlesVC.swift */; };
		82D66DE524FAACB500C96A9F /* MyArticlesVC.swift in Sources */ = {isa = PBXBuildFile; fileRef = 82D66DE424FAACB500C96A9F /* MyArticlesVC.swift */; };
		82D66DE724FAB7E100C96A9F /* EditArticleVC.swift in Sources */ = {isa = PBXBuildFile; fileRef = 82D66DE624FAB7E100C96A9F /* EditArticleVC.swift */; };
		82DCC58D24E49B3E00075780 /* AboutVC.swift in Sources */ = {isa = PBXBuildFile; fileRef = 82DCC58C24E49B3E00075780 /* AboutVC.swift */; };
/* End PBXBuildFile section */

/* Begin PBXFileReference section */
		38F040E4F4184D802CB580C9 /* Pods_GSEF.framework */ = {isa = PBXFileReference; explicitFileType = wrapper.framework; includeInIndex = 0; path = Pods_GSEF.framework; sourceTree = BUILT_PRODUCTS_DIR; };
		823132DE24F05B30001B9C8B /* GSEF.entitlements */ = {isa = PBXFileReference; lastKnownFileType = text.plist.entitlements; path = GSEF.entitlements; sourceTree = "<group>"; };
		825352FD24E1A0F1002B4565 /* QuizCenterVC.swift */ = {isa = PBXFileReference; lastKnownFileType = sourcecode.swift; path = QuizCenterVC.swift; sourceTree = "<group>"; };
		825352FF24E1BA03002B4565 /* QuizCategoryVC.swift */ = {isa = PBXFileReference; lastKnownFileType = sourcecode.swift; path = QuizCategoryVC.swift; sourceTree = "<group>"; };
		8272B16E24E42377009B1422 /* MultipleChoiceVC.swift */ = {isa = PBXFileReference; fileEncoding = 4; lastKnownFileType = sourcecode.swift; path = MultipleChoiceVC.swift; sourceTree = "<group>"; };
		82A318A724E03DD6006BE727 /* GSEF.app */ = {isa = PBXFileReference; explicitFileType = wrapper.application; includeInIndex = 0; path = GSEF.app; sourceTree = BUILT_PRODUCTS_DIR; };
		82A318AA24E03DD6006BE727 /* AppDelegate.swift */ = {isa = PBXFileReference; lastKnownFileType = sourcecode.swift; path = AppDelegate.swift; sourceTree = "<group>"; };
		82A318AC24E03DD6006BE727 /* SceneDelegate.swift */ = {isa = PBXFileReference; lastKnownFileType = sourcecode.swift; path = SceneDelegate.swift; sourceTree = "<group>"; };
		82A318AE24E03DD6006BE727 /* JournalHomeVC.swift */ = {isa = PBXFileReference; lastKnownFileType = sourcecode.swift; path = JournalHomeVC.swift; sourceTree = "<group>"; };
		82A318B124E03DD6006BE727 /* Base */ = {isa = PBXFileReference; lastKnownFileType = file.storyboard; name = Base; path = Base.lproj/Main.storyboard; sourceTree = "<group>"; };
		82A318B324E03DD7006BE727 /* Assets.xcassets */ = {isa = PBXFileReference; lastKnownFileType = folder.assetcatalog; path = Assets.xcassets; sourceTree = "<group>"; };
		82A318B624E03DD7006BE727 /* Base */ = {isa = PBXFileReference; lastKnownFileType = file.storyboard; name = Base; path = Base.lproj/LaunchScreen.storyboard; sourceTree = "<group>"; };
		82A318B824E03DD7006BE727 /* Info.plist */ = {isa = PBXFileReference; lastKnownFileType = text.plist.xml; path = Info.plist; sourceTree = "<group>"; };
		82A318BE24E043CE006BE727 /* Global.swift */ = {isa = PBXFileReference; lastKnownFileType = sourcecode.swift; path = Global.swift; sourceTree = "<group>"; };
		82A318C024E044EF006BE727 /* GoogleService-Info.plist */ = {isa = PBXFileReference; fileEncoding = 4; lastKnownFileType = text.plist.xml; path = "GoogleService-Info.plist"; sourceTree = "<group>"; };
		82A318C224E05F6B006BE727 /* ArticlesVC.swift */ = {isa = PBXFileReference; lastKnownFileType = sourcecode.swift; path = ArticlesVC.swift; sourceTree = "<group>"; };
		82D66DE424FAACB500C96A9F /* MyArticlesVC.swift */ = {isa = PBXFileReference; lastKnownFileType = sourcecode.swift; path = MyArticlesVC.swift; sourceTree = "<group>"; };
		82D66DE624FAB7E100C96A9F /* EditArticleVC.swift */ = {isa = PBXFileReference; lastKnownFileType = sourcecode.swift; path = EditArticleVC.swift; sourceTree = "<group>"; };
		82DCC58C24E49B3E00075780 /* AboutVC.swift */ = {isa = PBXFileReference; lastKnownFileType = sourcecode.swift; path = AboutVC.swift; sourceTree = "<group>"; };
		9C9F87D09CE93213CB0EACE6 /* Pods-GSEF.release.xcconfig */ = {isa = PBXFileReference; includeInIndex = 1; lastKnownFileType = text.xcconfig; name = "Pods-GSEF.release.xcconfig"; path = "Target Support Files/Pods-GSEF/Pods-GSEF.release.xcconfig"; sourceTree = "<group>"; };
		B3F3D01902C863283A5331B5 /* Pods-GSEF.debug.xcconfig */ = {isa = PBXFileReference; includeInIndex = 1; lastKnownFileType = text.xcconfig; name = "Pods-GSEF.debug.xcconfig"; path = "Target Support Files/Pods-GSEF/Pods-GSEF.debug.xcconfig"; sourceTree = "<group>"; };
/* End PBXFileReference section */

/* Begin PBXFrameworksBuildPhase section */
		82A318A424E03DD6006BE727 /* Frameworks */ = {
			isa = PBXFrameworksBuildPhase;
			buildActionMask = 2147483647;
			files = (
				5A55BC16CFAE616C54F5F124 /* Pods_GSEF.framework in Frameworks */,
			);
			runOnlyForDeploymentPostprocessing = 0;
		};
/* End PBXFrameworksBuildPhase section */

/* Begin PBXGroup section */
		614D62E1E11040948C5AFB8D /* Pods */ = {
			isa = PBXGroup;
			children = (
				B3F3D01902C863283A5331B5 /* Pods-GSEF.debug.xcconfig */,
				9C9F87D09CE93213CB0EACE6 /* Pods-GSEF.release.xcconfig */,
			);
			path = Pods;
			sourceTree = "<group>";
		};
		82A3189E24E03DD6006BE727 = {
			isa = PBXGroup;
			children = (
				82A318A924E03DD6006BE727 /* GSEF */,
				82A318A824E03DD6006BE727 /* Products */,
				614D62E1E11040948C5AFB8D /* Pods */,
				9CD2BD1566E4E6CD07BAE149 /* Frameworks */,
			);
			sourceTree = "<group>";
		};
		82A318A824E03DD6006BE727 /* Products */ = {
			isa = PBXGroup;
			children = (
				82A318A724E03DD6006BE727 /* GSEF.app */,
			);
			name = Products;
			sourceTree = "<group>";
		};
		82A318A924E03DD6006BE727 /* GSEF */ = {
			isa = PBXGroup;
			children = (
				82E4CEF024FAA41C00CD7096 /* Home */,
				82E4CEEF24FAA40500CD7096 /* Quiz Center */,
				82E4CEEE24FAA3F400CD7096 /* GSER Journal */,
				823132DE24F05B30001B9C8B /* GSEF.entitlements */,
				82A318AA24E03DD6006BE727 /* AppDelegate.swift */,
				82A318AC24E03DD6006BE727 /* SceneDelegate.swift */,
				82A318BE24E043CE006BE727 /* Global.swift */,
				82A318B024E03DD6006BE727 /* Main.storyboard */,
				82A318B324E03DD7006BE727 /* Assets.xcassets */,
				82A318C024E044EF006BE727 /* GoogleService-Info.plist */,
				82A318B524E03DD7006BE727 /* LaunchScreen.storyboard */,
				82A318B824E03DD7006BE727 /* Info.plist */,
			);
			path = GSEF;
			sourceTree = "<group>";
		};
		82E4CEEE24FAA3F400CD7096 /* GSER Journal */ = {
			isa = PBXGroup;
			children = (
				82A318AE24E03DD6006BE727 /* JournalHomeVC.swift */,
				82D66DE424FAACB500C96A9F /* MyArticlesVC.swift */,
				82A318C224E05F6B006BE727 /* ArticlesVC.swift */,
				82D66DE624FAB7E100C96A9F /* EditArticleVC.swift */,
			);
			path = "GSER Journal";
			sourceTree = "<group>";
		};
		82E4CEEF24FAA40500CD7096 /* Quiz Center */ = {
			isa = PBXGroup;
			children = (
				825352FD24E1A0F1002B4565 /* QuizCenterVC.swift */,
				825352FF24E1BA03002B4565 /* QuizCategoryVC.swift */,
				8272B16E24E42377009B1422 /* MultipleChoiceVC.swift */,
			);
			path = "Quiz Center";
			sourceTree = "<group>";
		};
		82E4CEF024FAA41C00CD7096 /* Home */ = {
			isa = PBXGroup;
			children = (
				82DCC58C24E49B3E00075780 /* AboutVC.swift */,
			);
			path = Home;
			sourceTree = "<group>";
		};
		9CD2BD1566E4E6CD07BAE149 /* Frameworks */ = {
			isa = PBXGroup;
			children = (
				38F040E4F4184D802CB580C9 /* Pods_GSEF.framework */,
			);
			name = Frameworks;
			sourceTree = "<group>";
		};
/* End PBXGroup section */

/* Begin PBXNativeTarget section */
		82A318A624E03DD6006BE727 /* GSEF */ = {
			isa = PBXNativeTarget;
			buildConfigurationList = 82A318BB24E03DD7006BE727 /* Build configuration list for PBXNativeTarget "GSEF" */;
			buildPhases = (
				D882BA4C552A9E30EC5E8F08 /* [CP] Check Pods Manifest.lock */,
				82A318A324E03DD6006BE727 /* Sources */,
				82A318A424E03DD6006BE727 /* Frameworks */,
				82A318A524E03DD6006BE727 /* Resources */,
				F5956CD1486F3BCB336E90EA /* [CP] Embed Pods Frameworks */,
			);
			buildRules = (
			);
			dependencies = (
			);
			name = GSEF;
			productName = GSEF;
			productReference = 82A318A724E03DD6006BE727 /* GSEF.app */;
			productType = "com.apple.product-type.application";
		};
/* End PBXNativeTarget section */

/* Begin PBXProject section */
		82A3189F24E03DD6006BE727 /* Project object */ = {
			isa = PBXProject;
			attributes = {
				LastSwiftUpdateCheck = 1160;
				LastUpgradeCheck = 1200;
				ORGANIZATIONNAME = "Pranav Ramesh";
				TargetAttributes = {
					82A318A624E03DD6006BE727 = {
						CreatedOnToolsVersion = 11.6;
					};
				};
			};
			buildConfigurationList = 82A318A224E03DD6006BE727 /* Build configuration list for PBXProject "GSEF" */;
			compatibilityVersion = "Xcode 9.3";
			developmentRegion = en;
			hasScannedForEncodings = 0;
			knownRegions = (
				en,
				Base,
			);
			mainGroup = 82A3189E24E03DD6006BE727;
			productRefGroup = 82A318A824E03DD6006BE727 /* Products */;
			projectDirPath = "";
			projectRoot = "";
			targets = (
				82A318A624E03DD6006BE727 /* GSEF */,
			);
		};
/* End PBXProject section */

/* Begin PBXResourcesBuildPhase section */
		82A318A524E03DD6006BE727 /* Resources */ = {
			isa = PBXResourcesBuildPhase;
			buildActionMask = 2147483647;
			files = (
				82A318B724E03DD7006BE727 /* LaunchScreen.storyboard in Resources */,
				82A318C124E044EF006BE727 /* GoogleService-Info.plist in Resources */,
				82A318B424E03DD7006BE727 /* Assets.xcassets in Resources */,
				82A318B224E03DD6006BE727 /* Main.storyboard in Resources */,
			);
			runOnlyForDeploymentPostprocessing = 0;
		};
/* End PBXResourcesBuildPhase section */

/* Begin PBXShellScriptBuildPhase section */
		D882BA4C552A9E30EC5E8F08 /* [CP] Check Pods Manifest.lock */ = {
			isa = PBXShellScriptBuildPhase;
			buildActionMask = 2147483647;
			files = (
			);
			inputFileListPaths = (
			);
			inputPaths = (
				"${PODS_PODFILE_DIR_PATH}/Podfile.lock",
				"${PODS_ROOT}/Manifest.lock",
			);
			name = "[CP] Check Pods Manifest.lock";
			outputFileListPaths = (
			);
			outputPaths = (
				"$(DERIVED_FILE_DIR)/Pods-GSEF-checkManifestLockResult.txt",
			);
			runOnlyForDeploymentPostprocessing = 0;
			shellPath = /bin/sh;
			shellScript = "diff \"${PODS_PODFILE_DIR_PATH}/Podfile.lock\" \"${PODS_ROOT}/Manifest.lock\" > /dev/null\nif [ $? != 0 ] ; then\n    # print error to STDERR\n    echo \"error: The sandbox is not in sync with the Podfile.lock. Run 'pod install' or update your CocoaPods installation.\" >&2\n    exit 1\nfi\n# This output is used by Xcode 'outputs' to avoid re-running this script phase.\necho \"SUCCESS\" > \"${SCRIPT_OUTPUT_FILE_0}\"\n";
			showEnvVarsInLog = 0;
		};
		F5956CD1486F3BCB336E90EA /* [CP] Embed Pods Frameworks */ = {
			isa = PBXShellScriptBuildPhase;
			buildActionMask = 2147483647;
			files = (
			);
			inputFileListPaths = (
				"${PODS_ROOT}/Target Support Files/Pods-GSEF/Pods-GSEF-frameworks-${CONFIGURATION}-input-files.xcfilelist",
			);
			name = "[CP] Embed Pods Frameworks";
			outputFileListPaths = (
				"${PODS_ROOT}/Target Support Files/Pods-GSEF/Pods-GSEF-frameworks-${CONFIGURATION}-output-files.xcfilelist",
			);
			runOnlyForDeploymentPostprocessing = 0;
			shellPath = /bin/sh;
			shellScript = "\"${PODS_ROOT}/Target Support Files/Pods-GSEF/Pods-GSEF-frameworks.sh\"\n";
			showEnvVarsInLog = 0;
		};
/* End PBXShellScriptBuildPhase section */

/* Begin PBXSourcesBuildPhase section */
		82A318A324E03DD6006BE727 /* Sources */ = {
			isa = PBXSourcesBuildPhase;
			buildActionMask = 2147483647;
			files = (
				82A318BF24E043CE006BE727 /* Global.swift in Sources */,
				82D66DE524FAACB500C96A9F /* MyArticlesVC.swift in Sources */,
				82D66DE724FAB7E100C96A9F /* EditArticleVC.swift in Sources */,
				8272B16F24E42377009B1422 /* MultipleChoiceVC.swift in Sources */,
				8253530024E1BA03002B4565 /* QuizCategoryVC.swift in Sources */,
				82A318AF24E03DD6006BE727 /* JournalHomeVC.swift in Sources */,
				825352FE24E1A0F1002B4565 /* QuizCenterVC.swift in Sources */,
				82DCC58D24E49B3E00075780 /* AboutVC.swift in Sources */,
				82A318AB24E03DD6006BE727 /* AppDelegate.swift in Sources */,
				82A318C324E05F6B006BE727 /* ArticlesVC.swift in Sources */,
				82A318AD24E03DD6006BE727 /* SceneDelegate.swift in Sources */,
			);
			runOnlyForDeploymentPostprocessing = 0;
		};
/* End PBXSourcesBuildPhase section */

/* Begin PBXVariantGroup section */
		82A318B024E03DD6006BE727 /* Main.storyboard */ = {
			isa = PBXVariantGroup;
			children = (
				82A318B124E03DD6006BE727 /* Base */,
			);
			name = Main.storyboard;
			sourceTree = "<group>";
		};
		82A318B524E03DD7006BE727 /* LaunchScreen.storyboard */ = {
			isa = PBXVariantGroup;
			children = (
				82A318B624E03DD7006BE727 /* Base */,
			);
			name = LaunchScreen.storyboard;
			sourceTree = "<group>";
		};
/* End PBXVariantGroup section */

/* Begin XCBuildConfiguration section */
		82A318B924E03DD7006BE727 /* Debug */ = {
			isa = XCBuildConfiguration;
			buildSettings = {
				ALWAYS_SEARCH_USER_PATHS = NO;
				CLANG_ANALYZER_NONNULL = YES;
				CLANG_ANALYZER_NUMBER_OBJECT_CONVERSION = YES_AGGRESSIVE;
				CLANG_CXX_LANGUAGE_STANDARD = "gnu++14";
				CLANG_CXX_LIBRARY = "libc++";
				CLANG_ENABLE_MODULES = YES;
				CLANG_ENABLE_OBJC_ARC = YES;
				CLANG_ENABLE_OBJC_WEAK = YES;
				CLANG_WARN_BLOCK_CAPTURE_AUTORELEASING = YES;
				CLANG_WARN_BOOL_CONVERSION = YES;
				CLANG_WARN_COMMA = YES;
				CLANG_WARN_CONSTANT_CONVERSION = YES;
				CLANG_WARN_DEPRECATED_OBJC_IMPLEMENTATIONS = YES;
				CLANG_WARN_DIRECT_OBJC_ISA_USAGE = YES_ERROR;
				CLANG_WARN_DOCUMENTATION_COMMENTS = YES;
				CLANG_WARN_EMPTY_BODY = YES;
				CLANG_WARN_ENUM_CONVERSION = YES;
				CLANG_WARN_INFINITE_RECURSION = YES;
				CLANG_WARN_INT_CONVERSION = YES;
				CLANG_WARN_NON_LITERAL_NULL_CONVERSION = YES;
				CLANG_WARN_OBJC_IMPLICIT_RETAIN_SELF = YES;
				CLANG_WARN_OBJC_LITERAL_CONVERSION = YES;
				CLANG_WARN_OBJC_ROOT_CLASS = YES_ERROR;
				CLANG_WARN_QUOTED_INCLUDE_IN_FRAMEWORK_HEADER = YES;
				CLANG_WARN_RANGE_LOOP_ANALYSIS = YES;
				CLANG_WARN_STRICT_PROTOTYPES = YES;
				CLANG_WARN_SUSPICIOUS_MOVE = YES;
				CLANG_WARN_UNGUARDED_AVAILABILITY = YES_AGGRESSIVE;
				CLANG_WARN_UNREACHABLE_CODE = YES;
				CLANG_WARN__DUPLICATE_METHOD_MATCH = YES;
				COPY_PHASE_STRIP = NO;
				DEBUG_INFORMATION_FORMAT = dwarf;
				ENABLE_STRICT_OBJC_MSGSEND = YES;
				ENABLE_TESTABILITY = YES;
				GCC_C_LANGUAGE_STANDARD = gnu11;
				GCC_DYNAMIC_NO_PIC = NO;
				GCC_NO_COMMON_BLOCKS = YES;
				GCC_OPTIMIZATION_LEVEL = 0;
				GCC_PREPROCESSOR_DEFINITIONS = (
					"DEBUG=1",
					"$(inherited)",
				);
				GCC_WARN_64_TO_32_BIT_CONVERSION = YES;
				GCC_WARN_ABOUT_RETURN_TYPE = YES_ERROR;
				GCC_WARN_UNDECLARED_SELECTOR = YES;
				GCC_WARN_UNINITIALIZED_AUTOS = YES_AGGRESSIVE;
				GCC_WARN_UNUSED_FUNCTION = YES;
				GCC_WARN_UNUSED_VARIABLE = YES;
				IPHONEOS_DEPLOYMENT_TARGET = 13.0;
				MTL_ENABLE_DEBUG_INFO = INCLUDE_SOURCE;
				MTL_FAST_MATH = YES;
				ONLY_ACTIVE_ARCH = YES;
				SDKROOT = iphoneos;
				SWIFT_ACTIVE_COMPILATION_CONDITIONS = DEBUG;
				SWIFT_OPTIMIZATION_LEVEL = "-Onone";
			};
			name = Debug;
		};
		82A318BA24E03DD7006BE727 /* Release */ = {
			isa = XCBuildConfiguration;
			buildSettings = {
				ALWAYS_SEARCH_USER_PATHS = NO;
				CLANG_ANALYZER_NONNULL = YES;
				CLANG_ANALYZER_NUMBER_OBJECT_CONVERSION = YES_AGGRESSIVE;
				CLANG_CXX_LANGUAGE_STANDARD = "gnu++14";
				CLANG_CXX_LIBRARY = "libc++";
				CLANG_ENABLE_MODULES = YES;
				CLANG_ENABLE_OBJC_ARC = YES;
				CLANG_ENABLE_OBJC_WEAK = YES;
				CLANG_WARN_BLOCK_CAPTURE_AUTORELEASING = YES;
				CLANG_WARN_BOOL_CONVERSION = YES;
				CLANG_WARN_COMMA = YES;
				CLANG_WARN_CONSTANT_CONVERSION = YES;
				CLANG_WARN_DEPRECATED_OBJC_IMPLEMENTATIONS = YES;
				CLANG_WARN_DIRECT_OBJC_ISA_USAGE = YES_ERROR;
				CLANG_WARN_DOCUMENTATION_COMMENTS = YES;
				CLANG_WARN_EMPTY_BODY = YES;
				CLANG_WARN_ENUM_CONVERSION = YES;
				CLANG_WARN_INFINITE_RECURSION = YES;
				CLANG_WARN_INT_CONVERSION = YES;
				CLANG_WARN_NON_LITERAL_NULL_CONVERSION = YES;
				CLANG_WARN_OBJC_IMPLICIT_RETAIN_SELF = YES;
				CLANG_WARN_OBJC_LITERAL_CONVERSION = YES;
				CLANG_WARN_OBJC_ROOT_CLASS = YES_ERROR;
				CLANG_WARN_QUOTED_INCLUDE_IN_FRAMEWORK_HEADER = YES;
				CLANG_WARN_RANGE_LOOP_ANALYSIS = YES;
				CLANG_WARN_STRICT_PROTOTYPES = YES;
				CLANG_WARN_SUSPICIOUS_MOVE = YES;
				CLANG_WARN_UNGUARDED_AVAILABILITY = YES_AGGRESSIVE;
				CLANG_WARN_UNREACHABLE_CODE = YES;
				CLANG_WARN__DUPLICATE_METHOD_MATCH = YES;
				COPY_PHASE_STRIP = NO;
				DEBUG_INFORMATION_FORMAT = "dwarf-with-dsym";
				ENABLE_NS_ASSERTIONS = NO;
				ENABLE_STRICT_OBJC_MSGSEND = YES;
				GCC_C_LANGUAGE_STANDARD = gnu11;
				GCC_NO_COMMON_BLOCKS = YES;
				GCC_WARN_64_TO_32_BIT_CONVERSION = YES;
				GCC_WARN_ABOUT_RETURN_TYPE = YES_ERROR;
				GCC_WARN_UNDECLARED_SELECTOR = YES;
				GCC_WARN_UNINITIALIZED_AUTOS = YES_AGGRESSIVE;
				GCC_WARN_UNUSED_FUNCTION = YES;
				GCC_WARN_UNUSED_VARIABLE = YES;
				IPHONEOS_DEPLOYMENT_TARGET = 13.0;
				MTL_ENABLE_DEBUG_INFO = NO;
				MTL_FAST_MATH = YES;
				SDKROOT = iphoneos;
				SWIFT_COMPILATION_MODE = wholemodule;
				SWIFT_OPTIMIZATION_LEVEL = "-O";
				VALIDATE_PRODUCT = YES;
			};
			name = Release;
		};
		82A318BC24E03DD7006BE727 /* Debug */ = {
			isa = XCBuildConfiguration;
			baseConfigurationReference = B3F3D01902C863283A5331B5 /* Pods-GSEF.debug.xcconfig */;
			buildSettings = {
				ASSETCATALOG_COMPILER_APPICON_NAME = AppIcon;
				CODE_SIGN_ENTITLEMENTS = GSEF/GSEF.entitlements;
				CODE_SIGN_IDENTITY = "Apple Development";
				CODE_SIGN_STYLE = Automatic;
				DEVELOPMENT_TEAM = 2R6T6D54FQ;
				INFOPLIST_FILE = GSEF/Info.plist;
				IPHONEOS_DEPLOYMENT_TARGET = 13.0;
				LD_RUNPATH_SEARCH_PATHS = (
					"$(inherited)",
					"@executable_path/Frameworks",
				);
				MARKETING_VERSION = 1.2;
				PRODUCT_BUNDLE_IDENTIFIER = com.pranavramesh.GSEF;
				PRODUCT_NAME = "$(TARGET_NAME)";
				PROVISIONING_PROFILE_SPECIFIER = "";
				SWIFT_VERSION = 5.0;
				TARGETED_DEVICE_FAMILY = "1,2";
			};
			name = Debug;
		};
		82A318BD24E03DD7006BE727 /* Release */ = {
			isa = XCBuildConfiguration;
			baseConfigurationReference = 9C9F87D09CE93213CB0EACE6 /* Pods-GSEF.release.xcconfig */;
			buildSettings = {
				ASSETCATALOG_COMPILER_APPICON_NAME = AppIcon;
				CODE_SIGN_ENTITLEMENTS = GSEF/GSEF.entitlements;
				CODE_SIGN_IDENTITY = "Apple Development";
				CODE_SIGN_STYLE = Automatic;
				DEVELOPMENT_TEAM = 2R6T6D54FQ;
				INFOPLIST_FILE = GSEF/Info.plist;
				IPHONEOS_DEPLOYMENT_TARGET = 13.0;
				LD_RUNPATH_SEARCH_PATHS = (
					"$(inherited)",
					"@executable_path/Frameworks",
				);
				MARKETING_VERSION = 1.2;
				PRODUCT_BUNDLE_IDENTIFIER = com.pranavramesh.GSEF;
				PRODUCT_NAME = "$(TARGET_NAME)";
				PROVISIONING_PROFILE_SPECIFIER = "";
				SWIFT_VERSION = 5.0;
				TARGETED_DEVICE_FAMILY = "1,2";
			};
			name = Release;
		};
/* End XCBuildConfiguration section */

/* Begin XCConfigurationList section */
		82A318A224E03DD6006BE727 /* Build configuration list for PBXProject "GSEF" */ = {
			isa = XCConfigurationList;
			buildConfigurations = (
				82A318B924E03DD7006BE727 /* Debug */,
				82A318BA24E03DD7006BE727 /* Release */,
			);
			defaultConfigurationIsVisible = 0;
			defaultConfigurationName = Release;
		};
		82A318BB24E03DD7006BE727 /* Build configuration list for PBXNativeTarget "GSEF" */ = {
			isa = XCConfigurationList;
			buildConfigurations = (
				82A318BC24E03DD7006BE727 /* Debug */,
				82A318BD24E03DD7006BE727 /* Release */,
			);
			defaultConfigurationIsVisible = 0;
			defaultConfigurationName = Release;
		};
/* End XCConfigurationList section */
	};
	rootObject = 82A3189F24E03DD6006BE727 /* Project object */;
}
